
Microsoft Visual Studio Solution File, Format Version 12.00
# Visual Studio 2012
Project("{FAE04EC0-301F-11D3-BF4B-00C04F79EFBC}") = "AutoTest.Exceptions", "AutoTest.Exceptions\AutoTest.Exceptions.csproj", "{CD2CD2FA-6F0F-4852-9BFF-770E476F9F7B}"
EndProject
Project("{FAE04EC0-301F-11D3-BF4B-00C04F79EFBC}") = "AutoTest.Exceptions.UnitTests", "AutoTest.Exceptions.UnitTests\AutoTest.Exceptions.UnitTests.csproj", "{67DE82DF-D4B8-4473-AC3B-1ABD70F73B03}"
EndProject
Project("{FAE04EC0-301F-11D3-BF4B-00C04F79EFBC}") = "ExampleProject", "ExampleProject\ExampleProject.csproj", "{6F596237-478B-4D33-B86E-4B4C6AC79457}"
EndProject
Project("{FAE04EC0-301F-11D3-BF4B-00C04F79EFBC}") = "ExampleProject.UnitTests", "ExampleProject.UnitTests\ExampleProject.UnitTests.csproj", "{80A43BE8-79EB-4E9F-8F74-2E351A73B330}"
EndProject
Project("{2150E333-8FDC-42A3-9474-1A3956D46DE8}") = ".nuget", ".nuget", "{DCE79373-6120-4D2C-875A-2E4898799014}"
	ProjectSection(SolutionItems) = preProject
		.nuget\NuGet.Config = .nuget\NuGet.Config
		.nuget\NuGet.exe = .nuget\NuGet.exe
		.nuget\NuGet.targets = .nuget\NuGet.targets
	EndProjectSection
EndProject
Global
	GlobalSection(SolutionConfigurationPlatforms) = preSolution
		Debug|Any CPU = Debug|Any CPU
		Release|Any CPU = Release|Any CPU
	EndGlobalSection
	GlobalSection(ProjectConfigurationPlatforms) = postSolution
		{CD2CD2FA-6F0F-4852-9BFF-770E476F9F7B}.Debug|Any CPU.ActiveCfg = Debug|Any CPU
		{CD2CD2FA-6F0F-4852-9BFF-770E476F9F7B}.Debug|Any CPU.Build.0 = Debug|Any CPU
		{CD2CD2FA-6F0F-4852-9BFF-770E476F9F7B}.Release|Any CPU.ActiveCfg = Release|Any CPU
		{CD2CD2FA-6F0F-4852-9BFF-770E476F9F7B}.Release|Any CPU.Build.0 = Release|Any CPU
		{67DE82DF-D4B8-4473-AC3B-1ABD70F73B03}.Debug|Any CPU.ActiveCfg = Debug|Any CPU
		{67DE82DF-D4B8-4473-AC3B-1ABD70F73B03}.Debug|Any CPU.Build.0 = Debug|Any CPU
		{67DE82DF-D4B8-4473-AC3B-1ABD70F73B03}.Release|Any CPU.ActiveCfg = Release|Any CPU
		{67DE82DF-D4B8-4473-AC3B-1ABD70F73B03}.Release|Any CPU.Build.0 = Release|Any CPU
		{6F596237-478B-4D33-B86E-4B4C6AC79457}.Debug|Any CPU.ActiveCfg = Debug|Any CPU
		{6F596237-478B-4D33-B86E-4B4C6AC79457}.Debug|Any CPU.Build.0 = Debug|Any CPU
		{6F596237-478B-4D33-B86E-4B4C6AC79457}.Release|Any CPU.ActiveCfg = Release|Any CPU
		{6F596237-478B-4D33-B86E-4B4C6AC79457}.Release|Any CPU.Build.0 = Release|Any CPU
		{80A43BE8-79EB-4E9F-8F74-2E351A73B330}.Debug|Any CPU.ActiveCfg = Debug|Any CPU
		{80A43BE8-79EB-4E9F-8F74-2E351A73B330}.Debug|Any CPU.Build.0 = Debug|Any CPU
		{80A43BE8-79EB-4E9F-8F74-2E351A73B330}.Release|Any CPU.ActiveCfg = Release|Any CPU
		{80A43BE8-79EB-4E9F-8F74-2E351A73B330}.Release|Any CPU.Build.0 = Release|Any CPU
	EndGlobalSection
	GlobalSection(SolutionProperties) = preSolution
		HideSolutionNode = FALSE
	EndGlobalSection
EndGlobal
